
Microsoft Visual Studio Solution File, Format Version 12.00
# Visual Studio 15
VisualStudioVersion = 15.0.26430.16
MinimumVisualStudioVersion = 10.0.40219.1
Project("{FAE04EC0-301F-11D3-BF4B-00C04F79EFBC}") = "InsertionSort", "InsertionSort\InsertionSort.csproj", "{63453225-CEB9-4669-82F4-ED5F2C5F6901}"
EndProject
Global
	GlobalSection(SolutionConfigurationPlatforms) = preSolution
		Debug|Any CPU = Debug|Any CPU
		Release|Any CPU = Release|Any CPU
	EndGlobalSection
	GlobalSection(ProjectConfigurationPlatforms) = postSolution
		{63453225-CEB9-4669-82F4-ED5F2C5F6901}.Debug|Any CPU.ActiveCfg = Debug|Any CPU
		{63453225-CEB9-4669-82F4-ED5F2C5F6901}.Debug|Any CPU.Build.0 = Debug|Any CPU
		{63453225-CEB9-4669-82F4-ED5F2C5F6901}.Release|Any CPU.ActiveCfg = Release|Any CPU
		{63453225-CEB9-4669-82F4-ED5F2C5F6901}.Release|Any CPU.Build.0 = Release|Any CPU
	EndGlobalSection
	GlobalSection(SolutionProperties) = preSolution
		HideSolutionNode = FALSE
	EndGlobalSection
EndGlobal
